
Microsoft Visual Studio Solution File, Format Version 12.00
# Visual Studio Version 17
VisualStudioVersion = 17.7.34024.191
MinimumVisualStudioVersion = 10.0.40219.1
Project("{FAE04EC0-301F-11D3-BF4B-00C04F79EFBC}") = "Temporizador", "Temporizador.csproj", "{3409D19A-6CDC-4DDC-90B0-597227D3CC7B}"
EndProject
Global
	GlobalSection(SolutionConfigurationPlatforms) = preSolution
		Debug|Any CPU = Debug|Any CPU
		Release|Any CPU = Release|Any CPU
	EndGlobalSection
	GlobalSection(ProjectConfigurationPlatforms) = postSolution
		{3409D19A-6CDC-4DDC-90B0-597227D3CC7B}.Debug|Any CPU.ActiveCfg = Debug|Any CPU
		{3409D19A-6CDC-4DDC-90B0-597227D3CC7B}.Debug|Any CPU.Build.0 = Debug|Any CPU
		{3409D19A-6CDC-4DDC-90B0-597227D3CC7B}.Release|Any CPU.ActiveCfg = Release|Any CPU
		{3409D19A-6CDC-4DDC-90B0-597227D3CC7B}.Release|Any CPU.Build.0 = Release|Any CPU
	EndGlobalSection
	GlobalSection(SolutionProperties) = preSolution
		HideSolutionNode = FALSE
	EndGlobalSection
	GlobalSection(ExtensibilityGlobals) = postSolution
		SolutionGuid = {F82328C0-DAE1-4993-91AE-AC16BDBB5123}
	EndGlobalSection
EndGlobal
