
Microsoft Visual Studio Solution File, Format Version 12.00
# Visual Studio Version 17
VisualStudioVersion = 17.7.34031.279
MinimumVisualStudioVersion = 10.0.40219.1
Project("{FAE04EC0-301F-11D3-BF4B-00C04F79EFBC}") = "Aplicacion de informe de ventas", "Aplicacion de informe de ventas.csproj", "{F176AAC0-0DA4-445E-B6D1-DD4F2B255209}"
EndProject
Global
	GlobalSection(SolutionConfigurationPlatforms) = preSolution
		Debug|Any CPU = Debug|Any CPU
		Release|Any CPU = Release|Any CPU
	EndGlobalSection
	GlobalSection(ProjectConfigurationPlatforms) = postSolution
		{F176AAC0-0DA4-445E-B6D1-DD4F2B255209}.Debug|Any CPU.ActiveCfg = Debug|Any CPU
		{F176AAC0-0DA4-445E-B6D1-DD4F2B255209}.Debug|Any CPU.Build.0 = Debug|Any CPU
		{F176AAC0-0DA4-445E-B6D1-DD4F2B255209}.Release|Any CPU.ActiveCfg = Release|Any CPU
		{F176AAC0-0DA4-445E-B6D1-DD4F2B255209}.Release|Any CPU.Build.0 = Release|Any CPU
	EndGlobalSection
	GlobalSection(SolutionProperties) = preSolution
		HideSolutionNode = FALSE
	EndGlobalSection
	GlobalSection(ExtensibilityGlobals) = postSolution
		SolutionGuid = {D726599C-EE71-46A3-8D55-7F4A7B552DFF}
	EndGlobalSection
EndGlobal
