
Microsoft Visual Studio Solution File, Format Version 12.00
# Visual Studio Version 17
VisualStudioVersion = 17.7.34024.191
MinimumVisualStudioVersion = 10.0.40219.1
Project("{FAE04EC0-301F-11D3-BF4B-00C04F79EFBC}") = "EncuestaComida", "EncuestaComida\EncuestaComida.csproj", "{9A45887C-B5A9-4411-862A-AF27185B2EC1}"
EndProject
Global
	GlobalSection(SolutionConfigurationPlatforms) = preSolution
		Debug|Any CPU = Debug|Any CPU
		Release|Any CPU = Release|Any CPU
	EndGlobalSection
	GlobalSection(ProjectConfigurationPlatforms) = postSolution
		{9A45887C-B5A9-4411-862A-AF27185B2EC1}.Debug|Any CPU.ActiveCfg = Debug|Any CPU
		{9A45887C-B5A9-4411-862A-AF27185B2EC1}.Debug|Any CPU.Build.0 = Debug|Any CPU
		{9A45887C-B5A9-4411-862A-AF27185B2EC1}.Release|Any CPU.ActiveCfg = Release|Any CPU
		{9A45887C-B5A9-4411-862A-AF27185B2EC1}.Release|Any CPU.Build.0 = Release|Any CPU
	EndGlobalSection
	GlobalSection(SolutionProperties) = preSolution
		HideSolutionNode = FALSE
	EndGlobalSection
	GlobalSection(ExtensibilityGlobals) = postSolution
		SolutionGuid = {21C523C3-3B81-4136-804D-1A0C4F5DCDE4}
	EndGlobalSection
EndGlobal
